
Microsoft Visual Studio Solution File, Format Version 12.00
# Visual Studio Version 16
VisualStudioVersion = 16.0.30711.63
MinimumVisualStudioVersion = 10.0.40219.1
Project("{8BC9CEB8-8B4A-11D0-8D11-00A0C91BC942}") = "DS顺序表--类实现", "DS顺序表--类实现.vcxproj", "{9E3050CB-B6B8-4E5B-AC02-AEC9BD76D1BE}"
EndProject
Project("{8BC9CEB8-8B4A-11D0-8D11-00A0C91BC942}") = "cgz", "..\cgz\cgz.vcxproj", "{D25E0BF7-0FAA-4CCD-9D0A-BF9009C0DECE}"
EndProject
Project("{8BC9CEB8-8B4A-11D0-8D11-00A0C91BC942}") = "3", "..\3\3.vcxproj", "{B5BB1681-09DA-4E8D-95B1-A5F725EF6B7C}"
EndProject
Project("{8BC9CEB8-8B4A-11D0-8D11-00A0C91BC942}") = "4", "..\4\4.vcxproj", "{0999CBBB-579B-42A4-9254-05DD7945FCEE}"
EndProject
Global
	GlobalSection(SolutionConfigurationPlatforms) = preSolution
		Debug|x64 = Debug|x64
		Debug|x86 = Debug|x86
		Release|x64 = Release|x64
		Release|x86 = Release|x86
	EndGlobalSection
	GlobalSection(ProjectConfigurationPlatforms) = postSolution
		{9E3050CB-B6B8-4E5B-AC02-AEC9BD76D1BE}.Debug|x64.ActiveCfg = Debug|x64
		{9E3050CB-B6B8-4E5B-AC02-AEC9BD76D1BE}.Debug|x64.Build.0 = Debug|x64
		{9E3050CB-B6B8-4E5B-AC02-AEC9BD76D1BE}.Debug|x86.ActiveCfg = Debug|Win32
		{9E3050CB-B6B8-4E5B-AC02-AEC9BD76D1BE}.Debug|x86.Build.0 = Debug|Win32
		{9E3050CB-B6B8-4E5B-AC02-AEC9BD76D1BE}.Release|x64.ActiveCfg = Release|x64
		{9E3050CB-B6B8-4E5B-AC02-AEC9BD76D1BE}.Release|x64.Build.0 = Release|x64
		{9E3050CB-B6B8-4E5B-AC02-AEC9BD76D1BE}.Release|x86.ActiveCfg = Release|Win32
		{9E3050CB-B6B8-4E5B-AC02-AEC9BD76D1BE}.Release|x86.Build.0 = Release|Win32
		{D25E0BF7-0FAA-4CCD-9D0A-BF9009C0DECE}.Debug|x64.ActiveCfg = Debug|x64
		{D25E0BF7-0FAA-4CCD-9D0A-BF9009C0DECE}.Debug|x64.Build.0 = Debug|x64
		{D25E0BF7-0FAA-4CCD-9D0A-BF9009C0DECE}.Debug|x86.ActiveCfg = Debug|Win32
		{D25E0BF7-0FAA-4CCD-9D0A-BF9009C0DECE}.Debug|x86.Build.0 = Debug|Win32
		{D25E0BF7-0FAA-4CCD-9D0A-BF9009C0DECE}.Release|x64.ActiveCfg = Release|x64
		{D25E0BF7-0FAA-4CCD-9D0A-BF9009C0DECE}.Release|x64.Build.0 = Release|x64
		{D25E0BF7-0FAA-4CCD-9D0A-BF9009C0DECE}.Release|x86.ActiveCfg = Release|Win32
		{D25E0BF7-0FAA-4CCD-9D0A-BF9009C0DECE}.Release|x86.Build.0 = Release|Win32
		{B5BB1681-09DA-4E8D-95B1-A5F725EF6B7C}.Debug|x64.ActiveCfg = Debug|x64
		{B5BB1681-09DA-4E8D-95B1-A5F725EF6B7C}.Debug|x64.Build.0 = Debug|x64
		{B5BB1681-09DA-4E8D-95B1-A5F725EF6B7C}.Debug|x86.ActiveCfg = Debug|Win32
		{B5BB1681-09DA-4E8D-95B1-A5F725EF6B7C}.Debug|x86.Build.0 = Debug|Win32
		{B5BB1681-09DA-4E8D-95B1-A5F725EF6B7C}.Release|x64.ActiveCfg = Release|x64
		{B5BB1681-09DA-4E8D-95B1-A5F725EF6B7C}.Release|x64.Build.0 = Release|x64
		{B5BB1681-09DA-4E8D-95B1-A5F725EF6B7C}.Release|x86.ActiveCfg = Release|Win32
		{B5BB1681-09DA-4E8D-95B1-A5F725EF6B7C}.Release|x86.Build.0 = Release|Win32
		{0999CBBB-579B-42A4-9254-05DD7945FCEE}.Debug|x64.ActiveCfg = Debug|x64
		{0999CBBB-579B-42A4-9254-05DD7945FCEE}.Debug|x64.Build.0 = Debug|x64
		{0999CBBB-579B-42A4-9254-05DD7945FCEE}.Debug|x86.ActiveCfg = Debug|Win32
		{0999CBBB-579B-42A4-9254-05DD7945FCEE}.Debug|x86.Build.0 = Debug|Win32
		{0999CBBB-579B-42A4-9254-05DD7945FCEE}.Release|x64.ActiveCfg = Release|x64
		{0999CBBB-579B-42A4-9254-05DD7945FCEE}.Release|x64.Build.0 = Release|x64
		{0999CBBB-579B-42A4-9254-05DD7945FCEE}.Release|x86.ActiveCfg = Release|Win32
		{0999CBBB-579B-42A4-9254-05DD7945FCEE}.Release|x86.Build.0 = Release|Win32
	EndGlobalSection
	GlobalSection(SolutionProperties) = preSolution
		HideSolutionNode = FALSE
	EndGlobalSection
	GlobalSection(ExtensibilityGlobals) = postSolution
		SolutionGuid = {1F7941C9-C580-443C-9358-0E3097B0DF3F}
	EndGlobalSection
EndGlobal
